# THIS IS AN AUTOGENERATED FILE. DO NOT EDIT THIS FILE DIRECTLY.
# yarn lockfile v1


"@stitches/react@^1.2.7":
  version "1.2.7"
  resolved "https://registry.yarnpkg.com/@stitches/react/-/react-1.2.7.tgz#aea2403fac726db66d1740d29557e3910b1a1dc7"
  integrity sha512-6AxpUag7OW55ANzRnuy7R15FEyQeZ66fytVo3BBilFIU0mfo3t49CAMcEAL/A1SbhSj/FCdWkn/XrbjGBTJTzg==
